// !$*UTF8*$!
{
	archiveVersion = 1;
	classes = {
	};
	objectVersion = 46;
	objects = {

/* Begin PBXBuildFile section */
		33DAC11F1B7349E2008B22C0 /* main.m in Sources */ = {isa = PBXBuildFile; fileRef = 33DAC11E1B7349E2008B22C0 /* main.m */; };
		33DAC1221B7349E2008B22C0 /* AppDelegate.m in Sources */ = {isa = PBXBuildFile; fileRef = 33DAC1211B7349E2008B22C0 /* AppDelegate.m */; };
		33DAC1251B7349E2008B22C0 /* FirstViewController.m in Sources */ = {isa = PBXBuildFile; fileRef = 33DAC1241B7349E2008B22C0 /* FirstViewController.m */; };
		33DAC1281B7349E2008B22C0 /* SecondViewController.m in Sources */ = {isa = PBXBuildFile; fileRef = 33DAC1271B7349E2008B22C0 /* SecondViewController.m */; };
		33DAC12B1B7349E2008B22C0 /* Main.storyboard in Resources */ = {isa = PBXBuildFile; fileRef = 33DAC1291B7349E2008B22C0 /* Main.storyboard */; };
		33DAC12D1B7349E2008B22C0 /* Images.xcassets in Resources */ = {isa = PBXBuildFile; fileRef = 33DAC12C1B7349E2008B22C0 /* Images.xcassets */; };
		33DAC1301B7349E2008B22C0 /* LaunchScreen.xib in Resources */ = {isa = PBXBuildFile; fileRef = 33DAC12E1B7349E2008B22C0 /* LaunchScreen.xib */; };
		33DAC13C1B7349E2008B22C0 /* YueTuanTests.m in Sources */ = {isa = PBXBuildFile; fileRef = 33DAC13B1B7349E2008B22C0 /* YueTuanTests.m */; };
/* End PBXBuildFile section */

/* Begin PBXContainerItemProxy section */
		33DAC1361B7349E2008B22C0 /* PBXContainerItemProxy */ = {
			isa = PBXContainerItemProxy;
			containerPortal = 33DAC1111B7349E2008B22C0 /* Project object */;
			proxyType = 1;
			remoteGlobalIDString = 33DAC1181B7349E2008B22C0;
			remoteInfo = YueTuan;
		};
/* End PBXContainerItemProxy section */

/* Begin PBXFileReference section */
		33DAC1191B7349E2008B22C0 /* YueTuan.app */ = {isa = PBXFileReference; explicitFileType = wrapper.application; includeInIndex = 0; path = YueTuan.app; sourceTree = BUILT_PRODUCTS_DIR; };
		33DAC11D1B7349E2008B22C0 /* Info.plist */ = {isa = PBXFileReference; lastKnownFileType = text.plist.xml; path = Info.plist; sourceTree = "<group>"; };
		33DAC11E1B7349E2008B22C0 /* main.m */ = {isa = PBXFileReference; lastKnownFileType = sourcecode.c.objc; path = main.m; sourceTree = "<group>"; };
		33DAC1201B7349E2008B22C0 /* AppDelegate.h */ = {isa = PBXFileReference; lastKnownFileType = sourcecode.c.h; path = AppDelegate.h; sourceTree = "<group>"; };
		33DAC1211B7349E2008B22C0 /* AppDelegate.m */ = {isa = PBXFileReference; lastKnownFileType = sourcecode.c.objc; path = AppDelegate.m; sourceTree = "<group>"; };
		33DAC1231B7349E2008B22C0 /* FirstViewController.h */ = {isa = PBXFileReference; lastKnownFileType = sourcecode.c.h; path = FirstViewController.h; sourceTree = "<group>"; };
		33DAC1241B7349E2008B22C0 /* FirstViewController.m */ = {isa = PBXFileReference; lastKnownFileType = sourcecode.c.objc; path = FirstViewController.m; sourceTree = "<group>"; };
		33DAC1261B7349E2008B22C0 /* SecondViewController.h */ = {isa = PBXFileReference; lastKnownFileType = sourcecode.c.h; path = SecondViewController.h; sourceTree = "<group>"; };
		33DAC1271B7349E2008B22C0 /* SecondViewController.m */ = {isa = PBXFileReference; lastKnownFileType = sourcecode.c.objc; path = SecondViewController.m; sourceTree = "<group>"; };
		33DAC12A1B7349E2008B22C0 /* Base */ = {isa = PBXFileReference; lastKnownFileType = file.storyboard; name = Base; path = Base.lproj/Main.storyboard; sourceTree = "<group>"; };
		33DAC12C1B7349E2008B22C0 /* Images.xcassets */ = {isa = PBXFileReference; lastKnownFileType = folder.assetcatalog; path = Images.xcassets; sourceTree = "<group>"; };
		33DAC12F1B7349E2008B22C0 /* Base */ = {isa = PBXFileReference; lastKnownFileType = file.xib; name = Base; path = Base.lproj/LaunchScreen.xib; sourceTree = "<group>"; };
		33DAC1351B7349E2008B22C0 /* YueTuanTests.xctest */ = {isa = PBXFileReference; explicitFileType = wrapper.cfbundle; includeInIndex = 0; path = YueTuanTests.xctest; sourceTree = BUILT_PRODUCTS_DIR; };
		33DAC13A1B7349E2008B22C0 /* Info.plist */ = {isa = PBXFileReference; lastKnownFileType = text.plist.xml; path = Info.plist; sourceTree = "<group>"; };
		33DAC13B1B7349E2008B22C0 /* YueTuanTests.m */ = {isa = PBXFileReference; lastKnownFileType = sourcecode.c.objc; path = YueTuanTests.m; sourceTree = "<group>"; };
/* End PBXFileReference section */

/* Begin PBXFrameworksBuildPhase section */
		33DAC1161B7349E2008B22C0 /* Frameworks */ = {
			isa = PBXFrameworksBuildPhase;
			buildActionMask = 2147483647;
			files = (
			);
			runOnlyForDeploymentPostprocessing = 0;
		};
		33DAC1321B7349E2008B22C0 /* Frameworks */ = {
			isa = PBXFrameworksBuildPhase;
			buildActionMask = 2147483647;
			files = (
			);
			runOnlyForDeploymentPostprocessing = 0;
		};
/* End PBXFrameworksBuildPhase section */

/* Begin PBXGroup section */
		33DAC1101B7349E2008B22C0 = {
			isa = PBXGroup;
			children = (
				33DAC11B1B7349E2008B22C0 /* YueTuan */,
				33DAC1381B7349E2008B22C0 /* YueTuanTests */,
				33DAC11A1B7349E2008B22C0 /* Products */,
			);
			sourceTree = "<group>";
		};
		33DAC11A1B7349E2008B22C0 /* Products */ = {
			isa = PBXGroup;
			children = (
				33DAC1191B7349E2008B22C0 /* YueTuan.app */,
				33DAC1351B7349E2008B22C0 /* YueTuanTests.xctest */,
			);
			name = Products;
			sourceTree = "<group>";
		};
		33DAC11B1B7349E2008B22C0 /* YueTuan */ = {
			isa = PBXGroup;
			children = (
				33DAC1201B7349E2008B22C0 /* AppDelegate.h */,
				33DAC1211B7349E2008B22C0 /* AppDelegate.m */,
				33DAC1231B7349E2008B22C0 /* FirstViewController.h */,
				33DAC1241B7349E2008B22C0 /* FirstViewController.m */,
				33DAC1261B7349E2008B22C0 /* SecondViewController.h */,
				33DAC1271B7349E2008B22C0 /* SecondViewController.m */,
				33DAC1291B7349E2008B22C0 /* Main.storyboard */,
				33DAC12C1B7349E2008B22C0 /* Images.xcassets */,
				33DAC12E1B7349E2008B22C0 /* LaunchScreen.xib */,
				33DAC11C1B7349E2008B22C0 /* Supporting Files */,
			);
			path = YueTuan;
			sourceTree = "<group>";
		};
		33DAC11C1B7349E2008B22C0 /* Supporting Files */ = {
			isa = PBXGroup;
			children = (
				33DAC11D1B7349E2008B22C0 /* Info.plist */,
				33DAC11E1B7349E2008B22C0 /* main.m */,
			);
			name = "Supporting Files";
			sourceTree = "<group>";
		};
		33DAC1381B7349E2008B22C0 /* YueTuanTests */ = {
			isa = PBXGroup;
			children = (
				33DAC13B1B7349E2008B22C0 /* YueTuanTests.m */,
				33DAC1391B7349E2008B22C0 /* Supporting Files */,
			);
			path = YueTuanTests;
			sourceTree = "<group>";
		};
		33DAC1391B7349E2008B22C0 /* Supporting Files */ = {
			isa = PBXGroup;
			children = (
				33DAC13A1B7349E2008B22C0 /* Info.plist */,
			);
			name = "Supporting Files";
			sourceTree = "<group>";
		};
/* End PBXGroup section */

/* Begin PBXNativeTarget section */
		33DAC1181B7349E2008B22C0 /* YueTuan */ = {
			isa = PBXNativeTarget;
			buildConfigurationList = 33DAC13F1B7349E2008B22C0 /* Build configuration list for PBXNativeTarget "YueTuan" */;
			buildPhases = (
				33DAC1151B7349E2008B22C0 /* Sources */,
				33DAC1161B7349E2008B22C0 /* Frameworks */,
				33DAC1171B7349E2008B22C0 /* Resources */,
			);
			buildRules = (
			);
			dependencies = (
			);
			name = YueTuan;
			productName = YueTuan;
			productReference = 33DAC1191B7349E2008B22C0 /* YueTuan.app */;
			productType = "com.apple.product-type.application";
		};
		33DAC1341B7349E2008B22C0 /* YueTuanTests */ = {
			isa = PBXNativeTarget;
			buildConfigurationList = 33DAC1421B7349E2008B22C0 /* Build configuration list for PBXNativeTarget "YueTuanTests" */;
			buildPhases = (
				33DAC1311B7349E2008B22C0 /* Sources */,
				33DAC1321B7349E2008B22C0 /* Frameworks */,
				33DAC1331B7349E2008B22C0 /* Resources */,
			);
			buildRules = (
			);
			dependencies = (
				33DAC1371B7349E2008B22C0 /* PBXTargetDependency */,
			);
			name = YueTuanTests;
			productName = YueTuanTests;
			productReference = 33DAC1351B7349E2008B22C0 /* YueTuanTests.xctest */;
			productType = "com.apple.product-type.bundle.unit-test";
		};
/* End PBXNativeTarget section */

/* Begin PBXProject section */
		33DAC1111B7349E2008B22C0 /* Project object */ = {
			isa = PBXProject;
			attributes = {
				LastUpgradeCheck = 0640;
				ORGANIZATIONNAME = "朋友墙";
				TargetAttributes = {
					33DAC1181B7349E2008B22C0 = {
						CreatedOnToolsVersion = 6.4;
					};
					33DAC1341B7349E2008B22C0 = {
						CreatedOnToolsVersion = 6.4;
						TestTargetID = 33DAC1181B7349E2008B22C0;
					};
				};
			};
			buildConfigurationList = 33DAC1141B7349E2008B22C0 /* Build configuration list for PBXProject "YueTuan" */;
			compatibilityVersion = "Xcode 3.2";
			developmentRegion = English;
			hasScannedForEncodings = 0;
			knownRegions = (
				en,
				Base,
			);
			mainGroup = 33DAC1101B7349E2008B22C0;
			productRefGroup = 33DAC11A1B7349E2008B22C0 /* Products */;
			projectDirPath = "";
			projectRoot = "";
			targets = (
				33DAC1181B7349E2008B22C0 /* YueTuan */,
				33DAC1341B7349E2008B22C0 /* YueTuanTests */,
			);
		};
/* End PBXProject section */

/* Begin PBXResourcesBuildPhase section */
		33DAC1171B7349E2008B22C0 /* Resources */ = {
			isa = PBXResourcesBuildPhase;
			buildActionMask = 2147483647;
			files = (
				33DAC12B1B7349E2008B22C0 /* Main.storyboard in Resources */,
				33DAC1301B7349E2008B22C0 /* LaunchScreen.xib in Resources */,
				33DAC12D1B7349E2008B22C0 /* Images.xcassets in Resources */,
			);
			runOnlyForDeploymentPostprocessing = 0;
		};
		33DAC1331B7349E2008B22C0 /* Resources */ = {
			isa = PBXResourcesBuildPhase;
			buildActionMask = 2147483647;
			files = (
			);
			runOnlyForDeploymentPostprocessing = 0;
		};
/* End PBXResourcesBuildPhase section */

/* Begin PBXSourcesBuildPhase section */
		33DAC1151B7349E2008B22C0 /* Sources */ = {
			isa = PBXSourcesBuildPhase;
			buildActionMask = 2147483647;
			files = (
				33DAC1281B7349E2008B22C0 /* SecondViewController.m in Sources */,
				33DAC1221B7349E2008B22C0 /* AppDelegate.m in Sources */,
				33DAC1251B7349E2008B22C0 /* FirstViewController.m in Sources */,
				33DAC11F1B7349E2008B22C0 /* main.m in Sources */,
			);
			runOnlyForDeploymentPostprocessing = 0;
		};
		33DAC1311B7349E2008B22C0 /* Sources */ = {
			isa = PBXSourcesBuildPhase;
			buildActionMask = 2147483647;
			files = (
				33DAC13C1B7349E2008B22C0 /* YueTuanTests.m in Sources */,
			);
			runOnlyForDeploymentPostprocessing = 0;
		};
/* End PBXSourcesBuildPhase section */

/* Begin PBXTargetDependency section */
		33DAC1371B7349E2008B22C0 /* PBXTargetDependency */ = {
			isa = PBXTargetDependency;
			target = 33DAC1181B7349E2008B22C0 /* YueTuan */;
			targetProxy = 33DAC1361B7349E2008B22C0 /* PBXContainerItemProxy */;
		};
/* End PBXTargetDependency section */

/* Begin PBXVariantGroup section */
		33DAC1291B7349E2008B22C0 /* Main.storyboard */ = {
			isa = PBXVariantGroup;
			children = (
				33DAC12A1B7349E2008B22C0 /* Base */,
			);
			name = Main.storyboard;
			sourceTree = "<group>";
		};
		33DAC12E1B7349E2008B22C0 /* LaunchScreen.xib */ = {
			isa = PBXVariantGroup;
			children = (
				33DAC12F1B7349E2008B22C0 /* Base */,
			);
			name = LaunchScreen.xib;
			sourceTree = "<group>";
		};
/* End PBXVariantGroup section */

/* Begin XCBuildConfiguration section */
		33DAC13D1B7349E2008B22C0 /* Debug */ = {
			isa = XCBuildConfiguration;
			buildSettings = {
				ALWAYS_SEARCH_USER_PATHS = NO;
				CLANG_CXX_LANGUAGE_STANDARD = "gnu++0x";
				CLANG_CXX_LIBRARY = "libc++";
				CLANG_ENABLE_MODULES = YES;
				CLANG_ENABLE_OBJC_ARC = YES;
				CLANG_WARN_BOOL_CONVERSION = YES;
				CLANG_WARN_CONSTANT_CONVERSION = YES;
				CLANG_WARN_DIRECT_OBJC_ISA_USAGE = YES_ERROR;
				CLANG_WARN_EMPTY_BODY = YES;
				CLANG_WARN_ENUM_CONVERSION = YES;
				CLANG_WARN_INT_CONVERSION = YES;
				CLANG_WARN_OBJC_ROOT_CLASS = YES_ERROR;
				CLANG_WARN_UNREACHABLE_CODE = YES;
				CLANG_WARN__DUPLICATE_METHOD_MATCH = YES;
				"CODE_SIGN_IDENTITY[sdk=iphoneos*]" = "iPhone Developer";
				COPY_PHASE_STRIP = NO;
				DEBUG_INFORMATION_FORMAT = "dwarf-with-dsym";
				ENABLE_STRICT_OBJC_MSGSEND = YES;
				GCC_C_LANGUAGE_STANDARD = gnu99;
				GCC_DYNAMIC_NO_PIC = NO;
				GCC_NO_COMMON_BLOCKS = YES;
				GCC_OPTIMIZATION_LEVEL = 0;
				GCC_PREPROCESSOR_DEFINITIONS = (
					"DEBUG=1",
					"$(inherited)",
				);
				GCC_SYMBOLS_PRIVATE_EXTERN = NO;
				GCC_WARN_64_TO_32_BIT_CONVERSION = YES;
				GCC_WARN_ABOUT_RETURN_TYPE = YES_ERROR;
				GCC_WARN_UNDECLARED_SELECTOR = YES;
				GCC_WARN_UNINITIALIZED_AUTOS = YES_AGGRESSIVE;
				GCC_WARN_UNUSED_FUNCTION = YES;
				GCC_WARN_UNUSED_VARIABLE = YES;
				IPHONEOS_DEPLOYMENT_TARGET = 8.4;
				MTL_ENABLE_DEBUG_INFO = YES;
				ONLY_ACTIVE_ARCH = YES;
				SDKROOT = iphoneos;
				TARGETED_DEVICE_FAMILY = "1,2";
			};
			name = Debug;
		};
		33DAC13E1B7349E2008B22C0 /* Release */ = {
			isa = XCBuildConfiguration;
			buildSettings = {
				ALWAYS_SEARCH_USER_PATHS = NO;
				CLANG_CXX_LANGUAGE_STANDARD = "gnu++0x";
				CLANG_CXX_LIBRARY = "libc++";
				CLANG_ENABLE_MODULES = YES;
				CLANG_ENABLE_OBJC_ARC = YES;
				CLANG_WARN_BOOL_CONVERSION = YES;
				CLANG_WARN_CONSTANT_CONVERSION = YES;
				CLANG_WARN_DIRECT_OBJC_ISA_USAGE = YES_ERROR;
				CLANG_WARN_EMPTY_BODY = YES;
				CLANG_WARN_ENUM_CONVERSION = YES;
				CLANG_WARN_INT_CONVERSION = YES;
				CLANG_WARN_OBJC_ROOT_CLASS = YES_ERROR;
				CLANG_WARN_UNREACHABLE_CODE = YES;
				CLANG_WARN__DUPLICATE_METHOD_MATCH = YES;
				"CODE_SIGN_IDENTITY[sdk=iphoneos*]" = "iPhone Developer";
				COPY_PHASE_STRIP = NO;
				DEBUG_INFORMATION_FORMAT = "dwarf-with-dsym";
				ENABLE_NS_ASSERTIONS = NO;
				ENABLE_STRICT_OBJC_MSGSEND = YES;
				GCC_C_LANGUAGE_STANDARD = gnu99;
				GCC_NO_COMMON_BLOCKS = YES;
				GCC_WARN_64_TO_32_BIT_CONVERSION = YES;
				GCC_WARN_ABOUT_RETURN_TYPE = YES_ERROR;
				GCC_WARN_UNDECLARED_SELECTOR = YES;
				GCC_WARN_UNINITIALIZED_AUTOS = YES_AGGRESSIVE;
				GCC_WARN_UNUSED_FUNCTION = YES;
				GCC_WARN_UNUSED_VARIABLE = YES;
				IPHONEOS_DEPLOYMENT_TARGET = 8.4;
				MTL_ENABLE_DEBUG_INFO = NO;
				SDKROOT = iphoneos;
				TARGETED_DEVICE_FAMILY = "1,2";
				VALIDATE_PRODUCT = YES;
			};
			name = Release;
		};
		33DAC1401B7349E2008B22C0 /* Debug */ = {
			isa = XCBuildConfiguration;
			buildSettings = {
				ASSETCATALOG_COMPILER_APPICON_NAME = AppIcon;
				INFOPLIST_FILE = YueTuan/Info.plist;
				LD_RUNPATH_SEARCH_PATHS = "$(inherited) @executable_path/Frameworks";
				PRODUCT_NAME = "$(TARGET_NAME)";
			};
			name = Debug;
		};
		33DAC1411B7349E2008B22C0 /* Release */ = {
			isa = XCBuildConfiguration;
			buildSettings = {
				ASSETCATALOG_COMPILER_APPICON_NAME = AppIcon;
				INFOPLIST_FILE = YueTuan/Info.plist;
				LD_RUNPATH_SEARCH_PATHS = "$(inherited) @executable_path/Frameworks";
				PRODUCT_NAME = "$(TARGET_NAME)";
			};
			name = Release;
		};
		33DAC1431B7349E2008B22C0 /* Debug */ = {
			isa = XCBuildConfiguration;
			buildSettings = {
				BUNDLE_LOADER = "$(TEST_HOST)";
				FRAMEWORK_SEARCH_PATHS = (
					"$(SDKROOT)/Developer/Library/Frameworks",
					"$(inherited)",
				);
				GCC_PREPROCESSOR_DEFINITIONS = (
					"DEBUG=1",
					"$(inherited)",
				);
				INFOPLIST_FILE = YueTuanTests/Info.plist;
				LD_RUNPATH_SEARCH_PATHS = "$(inherited) @executable_path/Frameworks @loader_path/Frameworks";
				PRODUCT_NAME = "$(TARGET_NAME)";
				TEST_HOST = "$(BUILT_PRODUCTS_DIR)/YueTuan.app/YueTuan";
			};
			name = Debug;
		};
		33DAC1441B7349E2008B22C0 /* Release */ = {
			isa = XCBuildConfiguration;
			buildSettings = {
				BUNDLE_LOADER = "$(TEST_HOST)";
				FRAMEWORK_SEARCH_PATHS = (
					"$(SDKROOT)/Developer/Library/Frameworks",
					"$(inherited)",
				);
				INFOPLIST_FILE = YueTuanTests/Info.plist;
				LD_RUNPATH_SEARCH_PATHS = "$(inherited) @executable_path/Frameworks @loader_path/Frameworks";
				PRODUCT_NAME = "$(TARGET_NAME)";
				TEST_HOST = "$(BUILT_PRODUCTS_DIR)/YueTuan.app/YueTuan";
			};
			name = Release;
		};
/* End XCBuildConfiguration section */

/* Begin XCConfigurationList section */
		33DAC1141B7349E2008B22C0 /* Build configuration list for PBXProject "YueTuan" */ = {
			isa = XCConfigurationList;
			buildConfigurations = (
				33DAC13D1B7349E2008B22C0 /* Debug */,
				33DAC13E1B7349E2008B22C0 /* Release */,
			);
			defaultConfigurationIsVisible = 0;
			defaultConfigurationName = Release;
		};
		33DAC13F1B7349E2008B22C0 /* Build configuration list for PBXNativeTarget "YueTuan" */ = {
			isa = XCConfigurationList;
			buildConfigurations = (
				33DAC1401B7349E2008B22C0 /* Debug */,
				33DAC1411B7349E2008B22C0 /* Release */,
			);
			defaultConfigurationIsVisible = 0;
		};
		33DAC1421B7349E2008B22C0 /* Build configuration list for PBXNativeTarget "YueTuanTests" */ = {
			isa = XCConfigurationList;
			buildConfigurations = (
				33DAC1431B7349E2008B22C0 /* Debug */,
				33DAC1441B7349E2008B22C0 /* Release */,
			);
			defaultConfigurationIsVisible = 0;
		};
/* End XCConfigurationList section */
	};
	rootObject = 33DAC1111B7349E2008B22C0 /* Project object */;
}
