// !$*UTF8*$!
{
	archiveVersion = 1;
	classes = {
	};
	objectVersion = 46;
	objects = {

/* Begin PBXBuildFile section */
		33A920821B75F5E700C9C1AC /* XiuXiuBaViewController.m in Sources */ = {isa = PBXBuildFile; fileRef = 33A920811B75F5E700C9C1AC /* XiuXiuBaViewController.m */; };
		33A920851B76017A00C9C1AC /* FoodCollectionViewCell.m in Sources */ = {isa = PBXBuildFile; fileRef = 33A920841B76017A00C9C1AC /* FoodCollectionViewCell.m */; };
		33A920871B76037400C9C1AC /* placeholder.png in Resources */ = {isa = PBXBuildFile; fileRef = 33A920861B76037400C9C1AC /* placeholder.png */; };
		33A9208B1B7658C300C9C1AC /* LoginViewController.m in Sources */ = {isa = PBXBuildFile; fileRef = 33A920891B7658C300C9C1AC /* LoginViewController.m */; };
		33A9208E1B765FB800C9C1AC /* Login.storyboard in Resources */ = {isa = PBXBuildFile; fileRef = 33A9208D1B765FB800C9C1AC /* Login.storyboard */; };
		33DAC11F1B7349E2008B22C0 /* main.m in Sources */ = {isa = PBXBuildFile; fileRef = 33DAC11E1B7349E2008B22C0 /* main.m */; };
		33DAC1221B7349E2008B22C0 /* AppDelegate.m in Sources */ = {isa = PBXBuildFile; fileRef = 33DAC1211B7349E2008B22C0 /* AppDelegate.m */; };
		33DAC1251B7349E2008B22C0 /* YueYueController.m in Sources */ = {isa = PBXBuildFile; fileRef = 33DAC1241B7349E2008B22C0 /* YueYueController.m */; };
		33DAC1281B7349E2008B22C0 /* TuanGouController.m in Sources */ = {isa = PBXBuildFile; fileRef = 33DAC1271B7349E2008B22C0 /* TuanGouController.m */; };
		33DAC12B1B7349E2008B22C0 /* Main.storyboard in Resources */ = {isa = PBXBuildFile; fileRef = 33DAC1291B7349E2008B22C0 /* Main.storyboard */; };
		33DAC12D1B7349E2008B22C0 /* Images.xcassets in Resources */ = {isa = PBXBuildFile; fileRef = 33DAC12C1B7349E2008B22C0 /* Images.xcassets */; };
		33DAC1301B7349E2008B22C0 /* LaunchScreen.xib in Resources */ = {isa = PBXBuildFile; fileRef = 33DAC12E1B7349E2008B22C0 /* LaunchScreen.xib */; };
		33DAC13C1B7349E2008B22C0 /* YueTuanTests.m in Sources */ = {isa = PBXBuildFile; fileRef = 33DAC13B1B7349E2008B22C0 /* YueTuanTests.m */; };
		33DAC14B1B735318008B22C0 /* dating.jpg in Resources */ = {isa = PBXBuildFile; fileRef = 33DAC14A1B735317008B22C0 /* dating.jpg */; };
		33DAC14D1B75A17B008B22C0 /* filter.png in Resources */ = {isa = PBXBuildFile; fileRef = 33DAC14C1B75A17A008B22C0 /* filter.png */; };
		33DAC1701B75A41C008B22C0 /* MKAnnotationView+WebCache.m in Sources */ = {isa = PBXBuildFile; fileRef = 33DAC1501B75A41C008B22C0 /* MKAnnotationView+WebCache.m */; };
		33DAC1711B75A41C008B22C0 /* NSData+ImageContentType.m in Sources */ = {isa = PBXBuildFile; fileRef = 33DAC1521B75A41C008B22C0 /* NSData+ImageContentType.m */; };
		33DAC1721B75A41C008B22C0 /* SDImageCache.m in Sources */ = {isa = PBXBuildFile; fileRef = 33DAC1541B75A41C008B22C0 /* SDImageCache.m */; };
		33DAC1731B75A41C008B22C0 /* SDWebImageCompat.m in Sources */ = {isa = PBXBuildFile; fileRef = 33DAC1561B75A41C008B22C0 /* SDWebImageCompat.m */; };
		33DAC1741B75A41C008B22C0 /* SDWebImageDecoder.m in Sources */ = {isa = PBXBuildFile; fileRef = 33DAC1581B75A41C008B22C0 /* SDWebImageDecoder.m */; };
		33DAC1751B75A41C008B22C0 /* SDWebImageDownloader.m in Sources */ = {isa = PBXBuildFile; fileRef = 33DAC15A1B75A41C008B22C0 /* SDWebImageDownloader.m */; };
		33DAC1761B75A41C008B22C0 /* SDWebImageDownloaderOperation.m in Sources */ = {isa = PBXBuildFile; fileRef = 33DAC15C1B75A41C008B22C0 /* SDWebImageDownloaderOperation.m */; };
		33DAC1771B75A41C008B22C0 /* SDWebImageManager.m in Sources */ = {isa = PBXBuildFile; fileRef = 33DAC15E1B75A41C008B22C0 /* SDWebImageManager.m */; };
		33DAC1781B75A41C008B22C0 /* SDWebImagePrefetcher.m in Sources */ = {isa = PBXBuildFile; fileRef = 33DAC1611B75A41C008B22C0 /* SDWebImagePrefetcher.m */; };
		33DAC1791B75A41C008B22C0 /* UIButton+WebCache.m in Sources */ = {isa = PBXBuildFile; fileRef = 33DAC1631B75A41C008B22C0 /* UIButton+WebCache.m */; };
		33DAC17A1B75A41C008B22C0 /* UIImage+GIF.m in Sources */ = {isa = PBXBuildFile; fileRef = 33DAC1651B75A41C008B22C0 /* UIImage+GIF.m */; };
		33DAC17B1B75A41C008B22C0 /* UIImage+MultiFormat.m in Sources */ = {isa = PBXBuildFile; fileRef = 33DAC1671B75A41C008B22C0 /* UIImage+MultiFormat.m */; };
		33DAC17C1B75A41C008B22C0 /* UIImage+WebP.m in Sources */ = {isa = PBXBuildFile; fileRef = 33DAC1691B75A41C008B22C0 /* UIImage+WebP.m */; };
		33DAC17D1B75A41C008B22C0 /* UIImageView+HighlightedWebCache.m in Sources */ = {isa = PBXBuildFile; fileRef = 33DAC16B1B75A41C008B22C0 /* UIImageView+HighlightedWebCache.m */; };
		33DAC17E1B75A41C008B22C0 /* UIImageView+WebCache.m in Sources */ = {isa = PBXBuildFile; fileRef = 33DAC16D1B75A41C008B22C0 /* UIImageView+WebCache.m */; };
		33DAC17F1B75A41C008B22C0 /* UIView+WebCacheOperation.m in Sources */ = {isa = PBXBuildFile; fileRef = 33DAC16F1B75A41C008B22C0 /* UIView+WebCacheOperation.m */; };
		33DAC1981B75A42B008B22C0 /* NSAlert+MKNetworkKitAdditions.m in Sources */ = {isa = PBXBuildFile; fileRef = 33DAC1831B75A42B008B22C0 /* NSAlert+MKNetworkKitAdditions.m */; };
		33DAC1991B75A42B008B22C0 /* NSData+MKBase64.m in Sources */ = {isa = PBXBuildFile; fileRef = 33DAC1851B75A42B008B22C0 /* NSData+MKBase64.m */; };
		33DAC19A1B75A42B008B22C0 /* NSDate+RFC1123.m in Sources */ = {isa = PBXBuildFile; fileRef = 33DAC1871B75A42B008B22C0 /* NSDate+RFC1123.m */; };
		33DAC19B1B75A42B008B22C0 /* NSDictionary+RequestEncoding.m in Sources */ = {isa = PBXBuildFile; fileRef = 33DAC1891B75A42B008B22C0 /* NSDictionary+RequestEncoding.m */; };
		33DAC19C1B75A42B008B22C0 /* NSString+MKNetworkKitAdditions.m in Sources */ = {isa = PBXBuildFile; fileRef = 33DAC18B1B75A42B008B22C0 /* NSString+MKNetworkKitAdditions.m */; };
		33DAC19D1B75A42B008B22C0 /* UIAlertView+MKNetworkKitAdditions.m in Sources */ = {isa = PBXBuildFile; fileRef = 33DAC18D1B75A42B008B22C0 /* UIAlertView+MKNetworkKitAdditions.m */; };
		33DAC19E1B75A42B008B22C0 /* UIImageView+MKNetworkKitAdditions.m in Sources */ = {isa = PBXBuildFile; fileRef = 33DAC18F1B75A42B008B22C0 /* UIImageView+MKNetworkKitAdditions.m */; };
		33DAC19F1B75A42B008B22C0 /* MKNetworkEngine.m in Sources */ = {isa = PBXBuildFile; fileRef = 33DAC1911B75A42B008B22C0 /* MKNetworkEngine.m */; };
		33DAC1A01B75A42B008B22C0 /* MKNetworkOperation.m in Sources */ = {isa = PBXBuildFile; fileRef = 33DAC1941B75A42B008B22C0 /* MKNetworkOperation.m */; };
		33DAC1A11B75A42B008B22C0 /* Reachability.m in Sources */ = {isa = PBXBuildFile; fileRef = 33DAC1971B75A42B008B22C0 /* Reachability.m */; };
		33DAC1A41B75A543008B22C0 /* PeopleCollectionViewCell.m in Sources */ = {isa = PBXBuildFile; fileRef = 33DAC1A31B75A543008B22C0 /* PeopleCollectionViewCell.m */; };
		33DAC1A81B75A6A2008B22C0 /* Utilities.m in Sources */ = {isa = PBXBuildFile; fileRef = 33DAC1A71B75A6A2008B22C0 /* Utilities.m */; };
		33DAC1B31B75CCFA008B22C0 /* PeopleFilterViewController.m in Sources */ = {isa = PBXBuildFile; fileRef = 33DAC1B21B75CCFA008B22C0 /* PeopleFilterViewController.m */; };
/* End PBXBuildFile section */

/* Begin PBXContainerItemProxy section */
		33DAC1361B7349E2008B22C0 /* PBXContainerItemProxy */ = {
			isa = PBXContainerItemProxy;
			containerPortal = 33DAC1111B7349E2008B22C0 /* Project object */;
			proxyType = 1;
			remoteGlobalIDString = 33DAC1181B7349E2008B22C0;
			remoteInfo = YueTuan;
		};
/* End PBXContainerItemProxy section */

/* Begin PBXFileReference section */
		33A920801B75F5E700C9C1AC /* XiuXiuBaViewController.h */ = {isa = PBXFileReference; fileEncoding = 4; lastKnownFileType = sourcecode.c.h; name = XiuXiuBaViewController.h; path = PageContent/XiuXiuBaViewController.h; sourceTree = "<group>"; };
		33A920811B75F5E700C9C1AC /* XiuXiuBaViewController.m */ = {isa = PBXFileReference; fileEncoding = 4; lastKnownFileType = sourcecode.c.objc; name = XiuXiuBaViewController.m; path = PageContent/XiuXiuBaViewController.m; sourceTree = "<group>"; };
		33A920831B76017A00C9C1AC /* FoodCollectionViewCell.h */ = {isa = PBXFileReference; fileEncoding = 4; lastKnownFileType = sourcecode.c.h; name = FoodCollectionViewCell.h; path = PageComponent/FoodCollectionViewCell.h; sourceTree = "<group>"; };
		33A920841B76017A00C9C1AC /* FoodCollectionViewCell.m */ = {isa = PBXFileReference; fileEncoding = 4; lastKnownFileType = sourcecode.c.objc; name = FoodCollectionViewCell.m; path = PageComponent/FoodCollectionViewCell.m; sourceTree = "<group>"; };
		33A920861B76037400C9C1AC /* placeholder.png */ = {isa = PBXFileReference; lastKnownFileType = image.png; path = placeholder.png; sourceTree = "<group>"; };
		33A920881B7658C300C9C1AC /* LoginViewController.h */ = {isa = PBXFileReference; fileEncoding = 4; lastKnownFileType = sourcecode.c.h; name = LoginViewController.h; path = PageContent/LoginViewController.h; sourceTree = "<group>"; };
		33A920891B7658C300C9C1AC /* LoginViewController.m */ = {isa = PBXFileReference; fileEncoding = 4; lastKnownFileType = sourcecode.c.objc; name = LoginViewController.m; path = PageContent/LoginViewController.m; sourceTree = "<group>"; };
		33A9208D1B765FB800C9C1AC /* Login.storyboard */ = {isa = PBXFileReference; fileEncoding = 4; lastKnownFileType = file.storyboard; path = Login.storyboard; sourceTree = "<group>"; };
		33DAC1191B7349E2008B22C0 /* YueTuan.app */ = {isa = PBXFileReference; explicitFileType = wrapper.application; includeInIndex = 0; path = YueTuan.app; sourceTree = BUILT_PRODUCTS_DIR; };
		33DAC11D1B7349E2008B22C0 /* Info.plist */ = {isa = PBXFileReference; lastKnownFileType = text.plist.xml; path = Info.plist; sourceTree = "<group>"; };
		33DAC11E1B7349E2008B22C0 /* main.m */ = {isa = PBXFileReference; lastKnownFileType = sourcecode.c.objc; path = main.m; sourceTree = "<group>"; };
		33DAC1201B7349E2008B22C0 /* AppDelegate.h */ = {isa = PBXFileReference; lastKnownFileType = sourcecode.c.h; path = AppDelegate.h; sourceTree = "<group>"; };
		33DAC1211B7349E2008B22C0 /* AppDelegate.m */ = {isa = PBXFileReference; lastKnownFileType = sourcecode.c.objc; path = AppDelegate.m; sourceTree = "<group>"; };
		33DAC1231B7349E2008B22C0 /* YueYueController.h */ = {isa = PBXFileReference; lastKnownFileType = sourcecode.c.h; path = YueYueController.h; sourceTree = "<group>"; };
		33DAC1241B7349E2008B22C0 /* YueYueController.m */ = {isa = PBXFileReference; lastKnownFileType = sourcecode.c.objc; path = YueYueController.m; sourceTree = "<group>"; };
		33DAC1261B7349E2008B22C0 /* TuanGouController.h */ = {isa = PBXFileReference; lastKnownFileType = sourcecode.c.h; path = TuanGouController.h; sourceTree = "<group>"; };
		33DAC1271B7349E2008B22C0 /* TuanGouController.m */ = {isa = PBXFileReference; lastKnownFileType = sourcecode.c.objc; path = TuanGouController.m; sourceTree = "<group>"; };
		33DAC12A1B7349E2008B22C0 /* Base */ = {isa = PBXFileReference; lastKnownFileType = file.storyboard; name = Base; path = Base.lproj/Main.storyboard; sourceTree = "<group>"; };
		33DAC12C1B7349E2008B22C0 /* Images.xcassets */ = {isa = PBXFileReference; lastKnownFileType = folder.assetcatalog; path = Images.xcassets; sourceTree = "<group>"; };
		33DAC12F1B7349E2008B22C0 /* Base */ = {isa = PBXFileReference; lastKnownFileType = file.xib; name = Base; path = Base.lproj/LaunchScreen.xib; sourceTree = "<group>"; };
		33DAC1351B7349E2008B22C0 /* YueTuanTests.xctest */ = {isa = PBXFileReference; explicitFileType = wrapper.cfbundle; includeInIndex = 0; path = YueTuanTests.xctest; sourceTree = BUILT_PRODUCTS_DIR; };
		33DAC13A1B7349E2008B22C0 /* Info.plist */ = {isa = PBXFileReference; lastKnownFileType = text.plist.xml; path = Info.plist; sourceTree = "<group>"; };
		33DAC13B1B7349E2008B22C0 /* YueTuanTests.m */ = {isa = PBXFileReference; lastKnownFileType = sourcecode.c.objc; path = YueTuanTests.m; sourceTree = "<group>"; };
		33DAC14A1B735317008B22C0 /* dating.jpg */ = {isa = PBXFileReference; lastKnownFileType = image.jpeg; path = dating.jpg; sourceTree = "<group>"; };
		33DAC14C1B75A17A008B22C0 /* filter.png */ = {isa = PBXFileReference; lastKnownFileType = image.png; path = filter.png; sourceTree = "<group>"; };
		33DAC14F1B75A41C008B22C0 /* MKAnnotationView+WebCache.h */ = {isa = PBXFileReference; fileEncoding = 4; lastKnownFileType = sourcecode.c.h; path = "MKAnnotationView+WebCache.h"; sourceTree = "<group>"; };
		33DAC1501B75A41C008B22C0 /* MKAnnotationView+WebCache.m */ = {isa = PBXFileReference; fileEncoding = 4; lastKnownFileType = sourcecode.c.objc; path = "MKAnnotationView+WebCache.m"; sourceTree = "<group>"; };
		33DAC1511B75A41C008B22C0 /* NSData+ImageContentType.h */ = {isa = PBXFileReference; fileEncoding = 4; lastKnownFileType = sourcecode.c.h; path = "NSData+ImageContentType.h"; sourceTree = "<group>"; };
		33DAC1521B75A41C008B22C0 /* NSData+ImageContentType.m */ = {isa = PBXFileReference; fileEncoding = 4; lastKnownFileType = sourcecode.c.objc; path = "NSData+ImageContentType.m"; sourceTree = "<group>"; };
		33DAC1531B75A41C008B22C0 /* SDImageCache.h */ = {isa = PBXFileReference; fileEncoding = 4; lastKnownFileType = sourcecode.c.h; path = SDImageCache.h; sourceTree = "<group>"; };
		33DAC1541B75A41C008B22C0 /* SDImageCache.m */ = {isa = PBXFileReference; fileEncoding = 4; lastKnownFileType = sourcecode.c.objc; path = SDImageCache.m; sourceTree = "<group>"; };
		33DAC1551B75A41C008B22C0 /* SDWebImageCompat.h */ = {isa = PBXFileReference; fileEncoding = 4; lastKnownFileType = sourcecode.c.h; path = SDWebImageCompat.h; sourceTree = "<group>"; };
		33DAC1561B75A41C008B22C0 /* SDWebImageCompat.m */ = {isa = PBXFileReference; fileEncoding = 4; lastKnownFileType = sourcecode.c.objc; path = SDWebImageCompat.m; sourceTree = "<group>"; };
		33DAC1571B75A41C008B22C0 /* SDWebImageDecoder.h */ = {isa = PBXFileReference; fileEncoding = 4; lastKnownFileType = sourcecode.c.h; path = SDWebImageDecoder.h; sourceTree = "<group>"; };
		33DAC1581B75A41C008B22C0 /* SDWebImageDecoder.m */ = {isa = PBXFileReference; fileEncoding = 4; lastKnownFileType = sourcecode.c.objc; path = SDWebImageDecoder.m; sourceTree = "<group>"; };
		33DAC1591B75A41C008B22C0 /* SDWebImageDownloader.h */ = {isa = PBXFileReference; fileEncoding = 4; lastKnownFileType = sourcecode.c.h; path = SDWebImageDownloader.h; sourceTree = "<group>"; };
		33DAC15A1B75A41C008B22C0 /* SDWebImageDownloader.m */ = {isa = PBXFileReference; fileEncoding = 4; lastKnownFileType = sourcecode.c.objc; path = SDWebImageDownloader.m; sourceTree = "<group>"; };
		33DAC15B1B75A41C008B22C0 /* SDWebImageDownloaderOperation.h */ = {isa = PBXFileReference; fileEncoding = 4; lastKnownFileType = sourcecode.c.h; path = SDWebImageDownloaderOperation.h; sourceTree = "<group>"; };
		33DAC15C1B75A41C008B22C0 /* SDWebImageDownloaderOperation.m */ = {isa = PBXFileReference; fileEncoding = 4; lastKnownFileType = sourcecode.c.objc; path = SDWebImageDownloaderOperation.m; sourceTree = "<group>"; };
		33DAC15D1B75A41C008B22C0 /* SDWebImageManager.h */ = {isa = PBXFileReference; fileEncoding = 4; lastKnownFileType = sourcecode.c.h; path = SDWebImageManager.h; sourceTree = "<group>"; };
		33DAC15E1B75A41C008B22C0 /* SDWebImageManager.m */ = {isa = PBXFileReference; fileEncoding = 4; lastKnownFileType = sourcecode.c.objc; path = SDWebImageManager.m; sourceTree = "<group>"; };
		33DAC15F1B75A41C008B22C0 /* SDWebImageOperation.h */ = {isa = PBXFileReference; fileEncoding = 4; lastKnownFileType = sourcecode.c.h; path = SDWebImageOperation.h; sourceTree = "<group>"; };
		33DAC1601B75A41C008B22C0 /* SDWebImagePrefetcher.h */ = {isa = PBXFileReference; fileEncoding = 4; lastKnownFileType = sourcecode.c.h; path = SDWebImagePrefetcher.h; sourceTree = "<group>"; };
		33DAC1611B75A41C008B22C0 /* SDWebImagePrefetcher.m */ = {isa = PBXFileReference; fileEncoding = 4; lastKnownFileType = sourcecode.c.objc; path = SDWebImagePrefetcher.m; sourceTree = "<group>"; };
		33DAC1621B75A41C008B22C0 /* UIButton+WebCache.h */ = {isa = PBXFileReference; fileEncoding = 4; lastKnownFileType = sourcecode.c.h; path = "UIButton+WebCache.h"; sourceTree = "<group>"; };
		33DAC1631B75A41C008B22C0 /* UIButton+WebCache.m */ = {isa = PBXFileReference; fileEncoding = 4; lastKnownFileType = sourcecode.c.objc; path = "UIButton+WebCache.m"; sourceTree = "<group>"; };
		33DAC1641B75A41C008B22C0 /* UIImage+GIF.h */ = {isa = PBXFileReference; fileEncoding = 4; lastKnownFileType = sourcecode.c.h; path = "UIImage+GIF.h"; sourceTree = "<group>"; };
		33DAC1651B75A41C008B22C0 /* UIImage+GIF.m */ = {isa = PBXFileReference; fileEncoding = 4; lastKnownFileType = sourcecode.c.objc; path = "UIImage+GIF.m"; sourceTree = "<group>"; };
		33DAC1661B75A41C008B22C0 /* UIImage+MultiFormat.h */ = {isa = PBXFileReference; fileEncoding = 4; lastKnownFileType = sourcecode.c.h; path = "UIImage+MultiFormat.h"; sourceTree = "<group>"; };
		33DAC1671B75A41C008B22C0 /* UIImage+MultiFormat.m */ = {isa = PBXFileReference; fileEncoding = 4; lastKnownFileType = sourcecode.c.objc; path = "UIImage+MultiFormat.m"; sourceTree = "<group>"; };
		33DAC1681B75A41C008B22C0 /* UIImage+WebP.h */ = {isa = PBXFileReference; fileEncoding = 4; lastKnownFileType = sourcecode.c.h; path = "UIImage+WebP.h"; sourceTree = "<group>"; };
		33DAC1691B75A41C008B22C0 /* UIImage+WebP.m */ = {isa = PBXFileReference; fileEncoding = 4; lastKnownFileType = sourcecode.c.objc; path = "UIImage+WebP.m"; sourceTree = "<group>"; };
		33DAC16A1B75A41C008B22C0 /* UIImageView+HighlightedWebCache.h */ = {isa = PBXFileReference; fileEncoding = 4; lastKnownFileType = sourcecode.c.h; path = "UIImageView+HighlightedWebCache.h"; sourceTree = "<group>"; };
		33DAC16B1B75A41C008B22C0 /* UIImageView+HighlightedWebCache.m */ = {isa = PBXFileReference; fileEncoding = 4; lastKnownFileType = sourcecode.c.objc; path = "UIImageView+HighlightedWebCache.m"; sourceTree = "<group>"; };
		33DAC16C1B75A41C008B22C0 /* UIImageView+WebCache.h */ = {isa = PBXFileReference; fileEncoding = 4; lastKnownFileType = sourcecode.c.h; path = "UIImageView+WebCache.h"; sourceTree = "<group>"; };
		33DAC16D1B75A41C008B22C0 /* UIImageView+WebCache.m */ = {isa = PBXFileReference; fileEncoding = 4; lastKnownFileType = sourcecode.c.objc; path = "UIImageView+WebCache.m"; sourceTree = "<group>"; };
		33DAC16E1B75A41C008B22C0 /* UIView+WebCacheOperation.h */ = {isa = PBXFileReference; fileEncoding = 4; lastKnownFileType = sourcecode.c.h; path = "UIView+WebCacheOperation.h"; sourceTree = "<group>"; };
		33DAC16F1B75A41C008B22C0 /* UIView+WebCacheOperation.m */ = {isa = PBXFileReference; fileEncoding = 4; lastKnownFileType = sourcecode.c.objc; path = "UIView+WebCacheOperation.m"; sourceTree = "<group>"; };
		33DAC1821B75A42B008B22C0 /* NSAlert+MKNetworkKitAdditions.h */ = {isa = PBXFileReference; fileEncoding = 4; lastKnownFileType = sourcecode.c.h; path = "NSAlert+MKNetworkKitAdditions.h"; sourceTree = "<group>"; };
		33DAC1831B75A42B008B22C0 /* NSAlert+MKNetworkKitAdditions.m */ = {isa = PBXFileReference; fileEncoding = 4; lastKnownFileType = sourcecode.c.objc; path = "NSAlert+MKNetworkKitAdditions.m"; sourceTree = "<group>"; };
		33DAC1841B75A42B008B22C0 /* NSData+MKBase64.h */ = {isa = PBXFileReference; fileEncoding = 4; lastKnownFileType = sourcecode.c.h; path = "NSData+MKBase64.h"; sourceTree = "<group>"; };
		33DAC1851B75A42B008B22C0 /* NSData+MKBase64.m */ = {isa = PBXFileReference; fileEncoding = 4; lastKnownFileType = sourcecode.c.objc; path = "NSData+MKBase64.m"; sourceTree = "<group>"; };
		33DAC1861B75A42B008B22C0 /* NSDate+RFC1123.h */ = {isa = PBXFileReference; fileEncoding = 4; lastKnownFileType = sourcecode.c.h; path = "NSDate+RFC1123.h"; sourceTree = "<group>"; };
		33DAC1871B75A42B008B22C0 /* NSDate+RFC1123.m */ = {isa = PBXFileReference; fileEncoding = 4; lastKnownFileType = sourcecode.c.objc; path = "NSDate+RFC1123.m"; sourceTree = "<group>"; };
		33DAC1881B75A42B008B22C0 /* NSDictionary+RequestEncoding.h */ = {isa = PBXFileReference; fileEncoding = 4; lastKnownFileType = sourcecode.c.h; path = "NSDictionary+RequestEncoding.h"; sourceTree = "<group>"; };
		33DAC1891B75A42B008B22C0 /* NSDictionary+RequestEncoding.m */ = {isa = PBXFileReference; fileEncoding = 4; lastKnownFileType = sourcecode.c.objc; path = "NSDictionary+RequestEncoding.m"; sourceTree = "<group>"; };
		33DAC18A1B75A42B008B22C0 /* NSString+MKNetworkKitAdditions.h */ = {isa = PBXFileReference; fileEncoding = 4; lastKnownFileType = sourcecode.c.h; path = "NSString+MKNetworkKitAdditions.h"; sourceTree = "<group>"; };
		33DAC18B1B75A42B008B22C0 /* NSString+MKNetworkKitAdditions.m */ = {isa = PBXFileReference; fileEncoding = 4; lastKnownFileType = sourcecode.c.objc; path = "NSString+MKNetworkKitAdditions.m"; sourceTree = "<group>"; };
		33DAC18C1B75A42B008B22C0 /* UIAlertView+MKNetworkKitAdditions.h */ = {isa = PBXFileReference; fileEncoding = 4; lastKnownFileType = sourcecode.c.h; path = "UIAlertView+MKNetworkKitAdditions.h"; sourceTree = "<group>"; };
		33DAC18D1B75A42B008B22C0 /* UIAlertView+MKNetworkKitAdditions.m */ = {isa = PBXFileReference; fileEncoding = 4; lastKnownFileType = sourcecode.c.objc; path = "UIAlertView+MKNetworkKitAdditions.m"; sourceTree = "<group>"; };
		33DAC18E1B75A42B008B22C0 /* UIImageView+MKNetworkKitAdditions.h */ = {isa = PBXFileReference; fileEncoding = 4; lastKnownFileType = sourcecode.c.h; path = "UIImageView+MKNetworkKitAdditions.h"; sourceTree = "<group>"; };
		33DAC18F1B75A42B008B22C0 /* UIImageView+MKNetworkKitAdditions.m */ = {isa = PBXFileReference; fileEncoding = 4; lastKnownFileType = sourcecode.c.objc; path = "UIImageView+MKNetworkKitAdditions.m"; sourceTree = "<group>"; };
		33DAC1901B75A42B008B22C0 /* MKNetworkEngine.h */ = {isa = PBXFileReference; fileEncoding = 4; lastKnownFileType = sourcecode.c.h; path = MKNetworkEngine.h; sourceTree = "<group>"; };
		33DAC1911B75A42B008B22C0 /* MKNetworkEngine.m */ = {isa = PBXFileReference; fileEncoding = 4; lastKnownFileType = sourcecode.c.objc; path = MKNetworkEngine.m; sourceTree = "<group>"; };
		33DAC1921B75A42B008B22C0 /* MKNetworkKit.h */ = {isa = PBXFileReference; fileEncoding = 4; lastKnownFileType = sourcecode.c.h; path = MKNetworkKit.h; sourceTree = "<group>"; };
		33DAC1931B75A42B008B22C0 /* MKNetworkOperation.h */ = {isa = PBXFileReference; fileEncoding = 4; lastKnownFileType = sourcecode.c.h; path = MKNetworkOperation.h; sourceTree = "<group>"; };
		33DAC1941B75A42B008B22C0 /* MKNetworkOperation.m */ = {isa = PBXFileReference; fileEncoding = 4; lastKnownFileType = sourcecode.c.objc; path = MKNetworkOperation.m; sourceTree = "<group>"; };
		33DAC1961B75A42B008B22C0 /* Reachability.h */ = {isa = PBXFileReference; fileEncoding = 4; lastKnownFileType = sourcecode.c.h; path = Reachability.h; sourceTree = "<group>"; };
		33DAC1971B75A42B008B22C0 /* Reachability.m */ = {isa = PBXFileReference; fileEncoding = 4; lastKnownFileType = sourcecode.c.objc; path = Reachability.m; sourceTree = "<group>"; };
		33DAC1A21B75A543008B22C0 /* PeopleCollectionViewCell.h */ = {isa = PBXFileReference; fileEncoding = 4; lastKnownFileType = sourcecode.c.h; name = PeopleCollectionViewCell.h; path = PageContent/PeopleCollectionViewCell.h; sourceTree = "<group>"; };
		33DAC1A31B75A543008B22C0 /* PeopleCollectionViewCell.m */ = {isa = PBXFileReference; fileEncoding = 4; lastKnownFileType = sourcecode.c.objc; name = PeopleCollectionViewCell.m; path = PageContent/PeopleCollectionViewCell.m; sourceTree = "<group>"; };
		33DAC1A51B75A5ED008B22C0 /* YueTuan.pch */ = {isa = PBXFileReference; lastKnownFileType = sourcecode.c.h; path = YueTuan.pch; sourceTree = "<group>"; };
		33DAC1A61B75A6A2008B22C0 /* Utilities.h */ = {isa = PBXFileReference; fileEncoding = 4; lastKnownFileType = sourcecode.c.h; name = Utilities.h; path = YueTuan/Utilities.h; sourceTree = "<group>"; };
		33DAC1A71B75A6A2008B22C0 /* Utilities.m */ = {isa = PBXFileReference; fileEncoding = 4; lastKnownFileType = sourcecode.c.objc; name = Utilities.m; path = YueTuan/Utilities.m; sourceTree = "<group>"; };
		33DAC1B11B75CCFA008B22C0 /* PeopleFilterViewController.h */ = {isa = PBXFileReference; fileEncoding = 4; lastKnownFileType = sourcecode.c.h; name = PeopleFilterViewController.h; path = PageComponent/PeopleFilterViewController.h; sourceTree = "<group>"; };
		33DAC1B21B75CCFA008B22C0 /* PeopleFilterViewController.m */ = {isa = PBXFileReference; fileEncoding = 4; lastKnownFileType = sourcecode.c.objc; name = PeopleFilterViewController.m; path = PageComponent/PeopleFilterViewController.m; sourceTree = "<group>"; };
/* End PBXFileReference section */

/* Begin PBXFrameworksBuildPhase section */
		33DAC1161B7349E2008B22C0 /* Frameworks */ = {
			isa = PBXFrameworksBuildPhase;
			buildActionMask = 2147483647;
			files = (
			);
			runOnlyForDeploymentPostprocessing = 0;
		};
		33DAC1321B7349E2008B22C0 /* Frameworks */ = {
			isa = PBXFrameworksBuildPhase;
			buildActionMask = 2147483647;
			files = (
			);
			runOnlyForDeploymentPostprocessing = 0;
		};
/* End PBXFrameworksBuildPhase section */

/* Begin PBXGroup section */
		33DAC1101B7349E2008B22C0 = {
			isa = PBXGroup;
			children = (
				33DAC1481B734CD4008B22C0 /* PageContent */,
				33DAC1471B734CC6008B22C0 /* PageComponent */,
				33DAC1451B734C62008B22C0 /* Classes */,
				33DAC1461B734C8B008B22C0 /* Library */,
				33DAC1491B734CE2008B22C0 /* Resource */,
				33DAC11B1B7349E2008B22C0 /* YueTuan */,
				33DAC1381B7349E2008B22C0 /* YueTuanTests */,
				33DAC11A1B7349E2008B22C0 /* Products */,
			);
			sourceTree = "<group>";
		};
		33DAC11A1B7349E2008B22C0 /* Products */ = {
			isa = PBXGroup;
			children = (
				33DAC1191B7349E2008B22C0 /* YueTuan.app */,
				33DAC1351B7349E2008B22C0 /* YueTuanTests.xctest */,
			);
			name = Products;
			sourceTree = "<group>";
		};
		33DAC11B1B7349E2008B22C0 /* YueTuan */ = {
			isa = PBXGroup;
			children = (
				33DAC1201B7349E2008B22C0 /* AppDelegate.h */,
				33DAC1211B7349E2008B22C0 /* AppDelegate.m */,
				33DAC1231B7349E2008B22C0 /* YueYueController.h */,
				33DAC1241B7349E2008B22C0 /* YueYueController.m */,
				33DAC1261B7349E2008B22C0 /* TuanGouController.h */,
				33DAC1271B7349E2008B22C0 /* TuanGouController.m */,
				33DAC1291B7349E2008B22C0 /* Main.storyboard */,
				33A9208D1B765FB800C9C1AC /* Login.storyboard */,
				33DAC12C1B7349E2008B22C0 /* Images.xcassets */,
				33DAC12E1B7349E2008B22C0 /* LaunchScreen.xib */,
				33DAC11C1B7349E2008B22C0 /* Supporting Files */,
			);
			path = YueTuan;
			sourceTree = "<group>";
		};
		33DAC11C1B7349E2008B22C0 /* Supporting Files */ = {
			isa = PBXGroup;
			children = (
				33DAC14C1B75A17A008B22C0 /* filter.png */,
				33DAC11D1B7349E2008B22C0 /* Info.plist */,
				33DAC11E1B7349E2008B22C0 /* main.m */,
				33DAC1A51B75A5ED008B22C0 /* YueTuan.pch */,
			);
			name = "Supporting Files";
			sourceTree = "<group>";
		};
		33DAC1381B7349E2008B22C0 /* YueTuanTests */ = {
			isa = PBXGroup;
			children = (
				33DAC13B1B7349E2008B22C0 /* YueTuanTests.m */,
				33DAC1391B7349E2008B22C0 /* Supporting Files */,
			);
			path = YueTuanTests;
			sourceTree = "<group>";
		};
		33DAC1391B7349E2008B22C0 /* Supporting Files */ = {
			isa = PBXGroup;
			children = (
				33DAC13A1B7349E2008B22C0 /* Info.plist */,
			);
			name = "Supporting Files";
			sourceTree = "<group>";
		};
		33DAC1451B734C62008B22C0 /* Classes */ = {
			isa = PBXGroup;
			children = (
				33DAC1A61B75A6A2008B22C0 /* Utilities.h */,
				33DAC1A71B75A6A2008B22C0 /* Utilities.m */,
			);
			name = Classes;
			sourceTree = "<group>";
		};
		33DAC1461B734C8B008B22C0 /* Library */ = {
			isa = PBXGroup;
			children = (
				33DAC1801B75A42B008B22C0 /* MKNetworkKit */,
				33DAC14E1B75A41C008B22C0 /* SDWebImage */,
			);
			name = Library;
			path = YueTuan.xcodeproj;
			sourceTree = "<group>";
		};
		33DAC1471B734CC6008B22C0 /* PageComponent */ = {
			isa = PBXGroup;
			children = (
				33DAC1A21B75A543008B22C0 /* PeopleCollectionViewCell.h */,
				33DAC1A31B75A543008B22C0 /* PeopleCollectionViewCell.m */,
				33A920831B76017A00C9C1AC /* FoodCollectionViewCell.h */,
				33A920841B76017A00C9C1AC /* FoodCollectionViewCell.m */,
			);
			name = PageComponent;
			sourceTree = "<group>";
		};
		33DAC1481B734CD4008B22C0 /* PageContent */ = {
			isa = PBXGroup;
			children = (
				33DAC1B11B75CCFA008B22C0 /* PeopleFilterViewController.h */,
				33DAC1B21B75CCFA008B22C0 /* PeopleFilterViewController.m */,
				33A920801B75F5E700C9C1AC /* XiuXiuBaViewController.h */,
				33A920811B75F5E700C9C1AC /* XiuXiuBaViewController.m */,
				33A920881B7658C300C9C1AC /* LoginViewController.h */,
				33A920891B7658C300C9C1AC /* LoginViewController.m */,
			);
			name = PageContent;
			sourceTree = "<group>";
		};
		33DAC1491B734CE2008B22C0 /* Resource */ = {
			isa = PBXGroup;
			children = (
				33A920861B76037400C9C1AC /* placeholder.png */,
				33DAC14A1B735317008B22C0 /* dating.jpg */,
			);
			name = Resource;
			sourceTree = "<group>";
		};
		33DAC14E1B75A41C008B22C0 /* SDWebImage */ = {
			isa = PBXGroup;
			children = (
				33DAC14F1B75A41C008B22C0 /* MKAnnotationView+WebCache.h */,
				33DAC1501B75A41C008B22C0 /* MKAnnotationView+WebCache.m */,
				33DAC1511B75A41C008B22C0 /* NSData+ImageContentType.h */,
				33DAC1521B75A41C008B22C0 /* NSData+ImageContentType.m */,
				33DAC1531B75A41C008B22C0 /* SDImageCache.h */,
				33DAC1541B75A41C008B22C0 /* SDImageCache.m */,
				33DAC1551B75A41C008B22C0 /* SDWebImageCompat.h */,
				33DAC1561B75A41C008B22C0 /* SDWebImageCompat.m */,
				33DAC1571B75A41C008B22C0 /* SDWebImageDecoder.h */,
				33DAC1581B75A41C008B22C0 /* SDWebImageDecoder.m */,
				33DAC1591B75A41C008B22C0 /* SDWebImageDownloader.h */,
				33DAC15A1B75A41C008B22C0 /* SDWebImageDownloader.m */,
				33DAC15B1B75A41C008B22C0 /* SDWebImageDownloaderOperation.h */,
				33DAC15C1B75A41C008B22C0 /* SDWebImageDownloaderOperation.m */,
				33DAC15D1B75A41C008B22C0 /* SDWebImageManager.h */,
				33DAC15E1B75A41C008B22C0 /* SDWebImageManager.m */,
				33DAC15F1B75A41C008B22C0 /* SDWebImageOperation.h */,
				33DAC1601B75A41C008B22C0 /* SDWebImagePrefetcher.h */,
				33DAC1611B75A41C008B22C0 /* SDWebImagePrefetcher.m */,
				33DAC1621B75A41C008B22C0 /* UIButton+WebCache.h */,
				33DAC1631B75A41C008B22C0 /* UIButton+WebCache.m */,
				33DAC1641B75A41C008B22C0 /* UIImage+GIF.h */,
				33DAC1651B75A41C008B22C0 /* UIImage+GIF.m */,
				33DAC1661B75A41C008B22C0 /* UIImage+MultiFormat.h */,
				33DAC1671B75A41C008B22C0 /* UIImage+MultiFormat.m */,
				33DAC1681B75A41C008B22C0 /* UIImage+WebP.h */,
				33DAC1691B75A41C008B22C0 /* UIImage+WebP.m */,
				33DAC16A1B75A41C008B22C0 /* UIImageView+HighlightedWebCache.h */,
				33DAC16B1B75A41C008B22C0 /* UIImageView+HighlightedWebCache.m */,
				33DAC16C1B75A41C008B22C0 /* UIImageView+WebCache.h */,
				33DAC16D1B75A41C008B22C0 /* UIImageView+WebCache.m */,
				33DAC16E1B75A41C008B22C0 /* UIView+WebCacheOperation.h */,
				33DAC16F1B75A41C008B22C0 /* UIView+WebCacheOperation.m */,
			);
			path = SDWebImage;
			sourceTree = "<group>";
		};
		33DAC1801B75A42B008B22C0 /* MKNetworkKit */ = {
			isa = PBXGroup;
			children = (
				33DAC1811B75A42B008B22C0 /* Categories */,
				33DAC1901B75A42B008B22C0 /* MKNetworkEngine.h */,
				33DAC1911B75A42B008B22C0 /* MKNetworkEngine.m */,
				33DAC1921B75A42B008B22C0 /* MKNetworkKit.h */,
				33DAC1931B75A42B008B22C0 /* MKNetworkOperation.h */,
				33DAC1941B75A42B008B22C0 /* MKNetworkOperation.m */,
				33DAC1951B75A42B008B22C0 /* Reachability */,
			);
			path = MKNetworkKit;
			sourceTree = "<group>";
		};
		33DAC1811B75A42B008B22C0 /* Categories */ = {
			isa = PBXGroup;
			children = (
				33DAC1821B75A42B008B22C0 /* NSAlert+MKNetworkKitAdditions.h */,
				33DAC1831B75A42B008B22C0 /* NSAlert+MKNetworkKitAdditions.m */,
				33DAC1841B75A42B008B22C0 /* NSData+MKBase64.h */,
				33DAC1851B75A42B008B22C0 /* NSData+MKBase64.m */,
				33DAC1861B75A42B008B22C0 /* NSDate+RFC1123.h */,
				33DAC1871B75A42B008B22C0 /* NSDate+RFC1123.m */,
				33DAC1881B75A42B008B22C0 /* NSDictionary+RequestEncoding.h */,
				33DAC1891B75A42B008B22C0 /* NSDictionary+RequestEncoding.m */,
				33DAC18A1B75A42B008B22C0 /* NSString+MKNetworkKitAdditions.h */,
				33DAC18B1B75A42B008B22C0 /* NSString+MKNetworkKitAdditions.m */,
				33DAC18C1B75A42B008B22C0 /* UIAlertView+MKNetworkKitAdditions.h */,
				33DAC18D1B75A42B008B22C0 /* UIAlertView+MKNetworkKitAdditions.m */,
				33DAC18E1B75A42B008B22C0 /* UIImageView+MKNetworkKitAdditions.h */,
				33DAC18F1B75A42B008B22C0 /* UIImageView+MKNetworkKitAdditions.m */,
			);
			path = Categories;
			sourceTree = "<group>";
		};
		33DAC1951B75A42B008B22C0 /* Reachability */ = {
			isa = PBXGroup;
			children = (
				33DAC1961B75A42B008B22C0 /* Reachability.h */,
				33DAC1971B75A42B008B22C0 /* Reachability.m */,
			);
			path = Reachability;
			sourceTree = "<group>";
		};
/* End PBXGroup section */

/* Begin PBXNativeTarget section */
		33DAC1181B7349E2008B22C0 /* YueTuan */ = {
			isa = PBXNativeTarget;
			buildConfigurationList = 33DAC13F1B7349E2008B22C0 /* Build configuration list for PBXNativeTarget "YueTuan" */;
			buildPhases = (
				33DAC1151B7349E2008B22C0 /* Sources */,
				33DAC1161B7349E2008B22C0 /* Frameworks */,
				33DAC1171B7349E2008B22C0 /* Resources */,
			);
			buildRules = (
			);
			dependencies = (
			);
			name = YueTuan;
			productName = YueTuan;
			productReference = 33DAC1191B7349E2008B22C0 /* YueTuan.app */;
			productType = "com.apple.product-type.application";
		};
		33DAC1341B7349E2008B22C0 /* YueTuanTests */ = {
			isa = PBXNativeTarget;
			buildConfigurationList = 33DAC1421B7349E2008B22C0 /* Build configuration list for PBXNativeTarget "YueTuanTests" */;
			buildPhases = (
				33DAC1311B7349E2008B22C0 /* Sources */,
				33DAC1321B7349E2008B22C0 /* Frameworks */,
				33DAC1331B7349E2008B22C0 /* Resources */,
			);
			buildRules = (
			);
			dependencies = (
				33DAC1371B7349E2008B22C0 /* PBXTargetDependency */,
			);
			name = YueTuanTests;
			productName = YueTuanTests;
			productReference = 33DAC1351B7349E2008B22C0 /* YueTuanTests.xctest */;
			productType = "com.apple.product-type.bundle.unit-test";
		};
/* End PBXNativeTarget section */

/* Begin PBXProject section */
		33DAC1111B7349E2008B22C0 /* Project object */ = {
			isa = PBXProject;
			attributes = {
				LastUpgradeCheck = 0640;
				ORGANIZATIONNAME = "朋友墙";
				TargetAttributes = {
					33DAC1181B7349E2008B22C0 = {
						CreatedOnToolsVersion = 6.4;
					};
					33DAC1341B7349E2008B22C0 = {
						CreatedOnToolsVersion = 6.4;
						TestTargetID = 33DAC1181B7349E2008B22C0;
					};
				};
			};
			buildConfigurationList = 33DAC1141B7349E2008B22C0 /* Build configuration list for PBXProject "YueTuan" */;
			compatibilityVersion = "Xcode 3.2";
			developmentRegion = English;
			hasScannedForEncodings = 0;
			knownRegions = (
				en,
				Base,
			);
			mainGroup = 33DAC1101B7349E2008B22C0;
			productRefGroup = 33DAC11A1B7349E2008B22C0 /* Products */;
			projectDirPath = "";
			projectRoot = "";
			targets = (
				33DAC1181B7349E2008B22C0 /* YueTuan */,
				33DAC1341B7349E2008B22C0 /* YueTuanTests */,
			);
		};
/* End PBXProject section */

/* Begin PBXResourcesBuildPhase section */
		33DAC1171B7349E2008B22C0 /* Resources */ = {
			isa = PBXResourcesBuildPhase;
			buildActionMask = 2147483647;
			files = (
				33A9208E1B765FB800C9C1AC /* Login.storyboard in Resources */,
				33DAC14B1B735318008B22C0 /* dating.jpg in Resources */,
				33A920871B76037400C9C1AC /* placeholder.png in Resources */,
				33DAC12B1B7349E2008B22C0 /* Main.storyboard in Resources */,
				33DAC14D1B75A17B008B22C0 /* filter.png in Resources */,
				33DAC1301B7349E2008B22C0 /* LaunchScreen.xib in Resources */,
				33DAC12D1B7349E2008B22C0 /* Images.xcassets in Resources */,
			);
			runOnlyForDeploymentPostprocessing = 0;
		};
		33DAC1331B7349E2008B22C0 /* Resources */ = {
			isa = PBXResourcesBuildPhase;
			buildActionMask = 2147483647;
			files = (
			);
			runOnlyForDeploymentPostprocessing = 0;
		};
/* End PBXResourcesBuildPhase section */

/* Begin PBXSourcesBuildPhase section */
		33DAC1151B7349E2008B22C0 /* Sources */ = {
			isa = PBXSourcesBuildPhase;
			buildActionMask = 2147483647;
			files = (
				33A920851B76017A00C9C1AC /* FoodCollectionViewCell.m in Sources */,
				33DAC17D1B75A41C008B22C0 /* UIImageView+HighlightedWebCache.m in Sources */,
				33DAC19A1B75A42B008B22C0 /* NSDate+RFC1123.m in Sources */,
				33DAC1A81B75A6A2008B22C0 /* Utilities.m in Sources */,
				33DAC17B1B75A41C008B22C0 /* UIImage+MultiFormat.m in Sources */,
				33DAC1761B75A41C008B22C0 /* SDWebImageDownloaderOperation.m in Sources */,
				33A920821B75F5E700C9C1AC /* XiuXiuBaViewController.m in Sources */,
				33DAC1A11B75A42B008B22C0 /* Reachability.m in Sources */,
				33DAC1B31B75CCFA008B22C0 /* PeopleFilterViewController.m in Sources */,
				33DAC19F1B75A42B008B22C0 /* MKNetworkEngine.m in Sources */,
				33DAC1A41B75A543008B22C0 /* PeopleCollectionViewCell.m in Sources */,
				33DAC1991B75A42B008B22C0 /* NSData+MKBase64.m in Sources */,
				33DAC1281B7349E2008B22C0 /* TuanGouController.m in Sources */,
				33DAC1731B75A41C008B22C0 /* SDWebImageCompat.m in Sources */,
				33DAC17A1B75A41C008B22C0 /* UIImage+GIF.m in Sources */,
				33DAC1A01B75A42B008B22C0 /* MKNetworkOperation.m in Sources */,
				33DAC1781B75A41C008B22C0 /* SDWebImagePrefetcher.m in Sources */,
				33DAC1221B7349E2008B22C0 /* AppDelegate.m in Sources */,
				33DAC1251B7349E2008B22C0 /* YueYueController.m in Sources */,
				33DAC1981B75A42B008B22C0 /* NSAlert+MKNetworkKitAdditions.m in Sources */,
				33DAC17C1B75A41C008B22C0 /* UIImage+WebP.m in Sources */,
				33DAC17E1B75A41C008B22C0 /* UIImageView+WebCache.m in Sources */,
				33DAC19E1B75A42B008B22C0 /* UIImageView+MKNetworkKitAdditions.m in Sources */,
				33DAC1751B75A41C008B22C0 /* SDWebImageDownloader.m in Sources */,
				33DAC17F1B75A41C008B22C0 /* UIView+WebCacheOperation.m in Sources */,
				33DAC1791B75A41C008B22C0 /* UIButton+WebCache.m in Sources */,
				33DAC1701B75A41C008B22C0 /* MKAnnotationView+WebCache.m in Sources */,
				33DAC19C1B75A42B008B22C0 /* NSString+MKNetworkKitAdditions.m in Sources */,
				33DAC1711B75A41C008B22C0 /* NSData+ImageContentType.m in Sources */,
				33DAC19B1B75A42B008B22C0 /* NSDictionary+RequestEncoding.m in Sources */,
				33DAC19D1B75A42B008B22C0 /* UIAlertView+MKNetworkKitAdditions.m in Sources */,
				33DAC11F1B7349E2008B22C0 /* main.m in Sources */,
				33A9208B1B7658C300C9C1AC /* LoginViewController.m in Sources */,
				33DAC1771B75A41C008B22C0 /* SDWebImageManager.m in Sources */,
				33DAC1741B75A41C008B22C0 /* SDWebImageDecoder.m in Sources */,
				33DAC1721B75A41C008B22C0 /* SDImageCache.m in Sources */,
			);
			runOnlyForDeploymentPostprocessing = 0;
		};
		33DAC1311B7349E2008B22C0 /* Sources */ = {
			isa = PBXSourcesBuildPhase;
			buildActionMask = 2147483647;
			files = (
				33DAC13C1B7349E2008B22C0 /* YueTuanTests.m in Sources */,
			);
			runOnlyForDeploymentPostprocessing = 0;
		};
/* End PBXSourcesBuildPhase section */

/* Begin PBXTargetDependency section */
		33DAC1371B7349E2008B22C0 /* PBXTargetDependency */ = {
			isa = PBXTargetDependency;
			target = 33DAC1181B7349E2008B22C0 /* YueTuan */;
			targetProxy = 33DAC1361B7349E2008B22C0 /* PBXContainerItemProxy */;
		};
/* End PBXTargetDependency section */

/* Begin PBXVariantGroup section */
		33DAC1291B7349E2008B22C0 /* Main.storyboard */ = {
			isa = PBXVariantGroup;
			children = (
				33DAC12A1B7349E2008B22C0 /* Base */,
			);
			name = Main.storyboard;
			sourceTree = "<group>";
		};
		33DAC12E1B7349E2008B22C0 /* LaunchScreen.xib */ = {
			isa = PBXVariantGroup;
			children = (
				33DAC12F1B7349E2008B22C0 /* Base */,
			);
			name = LaunchScreen.xib;
			sourceTree = "<group>";
		};
/* End PBXVariantGroup section */

/* Begin XCBuildConfiguration section */
		33DAC13D1B7349E2008B22C0 /* Debug */ = {
			isa = XCBuildConfiguration;
			buildSettings = {
				ALWAYS_SEARCH_USER_PATHS = NO;
				CLANG_CXX_LANGUAGE_STANDARD = "gnu++0x";
				CLANG_CXX_LIBRARY = "libc++";
				CLANG_ENABLE_MODULES = YES;
				CLANG_ENABLE_OBJC_ARC = YES;
				CLANG_WARN_BOOL_CONVERSION = YES;
				CLANG_WARN_CONSTANT_CONVERSION = YES;
				CLANG_WARN_DIRECT_OBJC_ISA_USAGE = YES_ERROR;
				CLANG_WARN_EMPTY_BODY = YES;
				CLANG_WARN_ENUM_CONVERSION = YES;
				CLANG_WARN_INT_CONVERSION = YES;
				CLANG_WARN_OBJC_ROOT_CLASS = YES_ERROR;
				CLANG_WARN_UNREACHABLE_CODE = YES;
				CLANG_WARN__DUPLICATE_METHOD_MATCH = YES;
				"CODE_SIGN_IDENTITY[sdk=iphoneos*]" = "iPhone Developer";
				COPY_PHASE_STRIP = NO;
				DEBUG_INFORMATION_FORMAT = "dwarf-with-dsym";
				ENABLE_STRICT_OBJC_MSGSEND = YES;
				GCC_C_LANGUAGE_STANDARD = gnu99;
				GCC_DYNAMIC_NO_PIC = NO;
				GCC_NO_COMMON_BLOCKS = YES;
				GCC_OPTIMIZATION_LEVEL = 0;
				GCC_PREPROCESSOR_DEFINITIONS = (
					"DEBUG=1",
					"$(inherited)",
				);
				GCC_SYMBOLS_PRIVATE_EXTERN = NO;
				GCC_WARN_64_TO_32_BIT_CONVERSION = YES;
				GCC_WARN_ABOUT_RETURN_TYPE = YES_ERROR;
				GCC_WARN_UNDECLARED_SELECTOR = YES;
				GCC_WARN_UNINITIALIZED_AUTOS = YES_AGGRESSIVE;
				GCC_WARN_UNUSED_FUNCTION = YES;
				GCC_WARN_UNUSED_VARIABLE = YES;
				IPHONEOS_DEPLOYMENT_TARGET = 8.4;
				MTL_ENABLE_DEBUG_INFO = YES;
				ONLY_ACTIVE_ARCH = YES;
				SDKROOT = iphoneos;
				TARGETED_DEVICE_FAMILY = "1,2";
			};
			name = Debug;
		};
		33DAC13E1B7349E2008B22C0 /* Release */ = {
			isa = XCBuildConfiguration;
			buildSettings = {
				ALWAYS_SEARCH_USER_PATHS = NO;
				CLANG_CXX_LANGUAGE_STANDARD = "gnu++0x";
				CLANG_CXX_LIBRARY = "libc++";
				CLANG_ENABLE_MODULES = YES;
				CLANG_ENABLE_OBJC_ARC = YES;
				CLANG_WARN_BOOL_CONVERSION = YES;
				CLANG_WARN_CONSTANT_CONVERSION = YES;
				CLANG_WARN_DIRECT_OBJC_ISA_USAGE = YES_ERROR;
				CLANG_WARN_EMPTY_BODY = YES;
				CLANG_WARN_ENUM_CONVERSION = YES;
				CLANG_WARN_INT_CONVERSION = YES;
				CLANG_WARN_OBJC_ROOT_CLASS = YES_ERROR;
				CLANG_WARN_UNREACHABLE_CODE = YES;
				CLANG_WARN__DUPLICATE_METHOD_MATCH = YES;
				"CODE_SIGN_IDENTITY[sdk=iphoneos*]" = "iPhone Developer";
				COPY_PHASE_STRIP = NO;
				DEBUG_INFORMATION_FORMAT = "dwarf-with-dsym";
				ENABLE_NS_ASSERTIONS = NO;
				ENABLE_STRICT_OBJC_MSGSEND = YES;
				GCC_C_LANGUAGE_STANDARD = gnu99;
				GCC_NO_COMMON_BLOCKS = YES;
				GCC_WARN_64_TO_32_BIT_CONVERSION = YES;
				GCC_WARN_ABOUT_RETURN_TYPE = YES_ERROR;
				GCC_WARN_UNDECLARED_SELECTOR = YES;
				GCC_WARN_UNINITIALIZED_AUTOS = YES_AGGRESSIVE;
				GCC_WARN_UNUSED_FUNCTION = YES;
				GCC_WARN_UNUSED_VARIABLE = YES;
				IPHONEOS_DEPLOYMENT_TARGET = 8.4;
				MTL_ENABLE_DEBUG_INFO = NO;
				SDKROOT = iphoneos;
				TARGETED_DEVICE_FAMILY = "1,2";
				VALIDATE_PRODUCT = YES;
			};
			name = Release;
		};
		33DAC1401B7349E2008B22C0 /* Debug */ = {
			isa = XCBuildConfiguration;
			buildSettings = {
				ASSETCATALOG_COMPILER_APPICON_NAME = AppIcon;
				GCC_PRECOMPILE_PREFIX_HEADER = YES;
				GCC_PREFIX_HEADER = /Users/Sky/Desktop/YueTuan/YueTuan/YueTuan.pch;
				INFOPLIST_FILE = YueTuan/Info.plist;
				LD_RUNPATH_SEARCH_PATHS = "$(inherited) @executable_path/Frameworks";
				PRODUCT_NAME = "$(TARGET_NAME)";
			};
			name = Debug;
		};
		33DAC1411B7349E2008B22C0 /* Release */ = {
			isa = XCBuildConfiguration;
			buildSettings = {
				ASSETCATALOG_COMPILER_APPICON_NAME = AppIcon;
				GCC_PRECOMPILE_PREFIX_HEADER = YES;
				GCC_PREFIX_HEADER = /Users/Sky/Desktop/YueTuan/YueTuan/YueTuan.pch;
				INFOPLIST_FILE = YueTuan/Info.plist;
				LD_RUNPATH_SEARCH_PATHS = "$(inherited) @executable_path/Frameworks";
				PRODUCT_NAME = "$(TARGET_NAME)";
			};
			name = Release;
		};
		33DAC1431B7349E2008B22C0 /* Debug */ = {
			isa = XCBuildConfiguration;
			buildSettings = {
				BUNDLE_LOADER = "$(TEST_HOST)";
				FRAMEWORK_SEARCH_PATHS = (
					"$(SDKROOT)/Developer/Library/Frameworks",
					"$(inherited)",
				);
				GCC_PREPROCESSOR_DEFINITIONS = (
					"DEBUG=1",
					"$(inherited)",
				);
				INFOPLIST_FILE = YueTuanTests/Info.plist;
				LD_RUNPATH_SEARCH_PATHS = "$(inherited) @executable_path/Frameworks @loader_path/Frameworks";
				PRODUCT_NAME = "$(TARGET_NAME)";
				TEST_HOST = "$(BUILT_PRODUCTS_DIR)/YueTuan.app/YueTuan";
			};
			name = Debug;
		};
		33DAC1441B7349E2008B22C0 /* Release */ = {
			isa = XCBuildConfiguration;
			buildSettings = {
				BUNDLE_LOADER = "$(TEST_HOST)";
				FRAMEWORK_SEARCH_PATHS = (
					"$(SDKROOT)/Developer/Library/Frameworks",
					"$(inherited)",
				);
				INFOPLIST_FILE = YueTuanTests/Info.plist;
				LD_RUNPATH_SEARCH_PATHS = "$(inherited) @executable_path/Frameworks @loader_path/Frameworks";
				PRODUCT_NAME = "$(TARGET_NAME)";
				TEST_HOST = "$(BUILT_PRODUCTS_DIR)/YueTuan.app/YueTuan";
			};
			name = Release;
		};
/* End XCBuildConfiguration section */

/* Begin XCConfigurationList section */
		33DAC1141B7349E2008B22C0 /* Build configuration list for PBXProject "YueTuan" */ = {
			isa = XCConfigurationList;
			buildConfigurations = (
				33DAC13D1B7349E2008B22C0 /* Debug */,
				33DAC13E1B7349E2008B22C0 /* Release */,
			);
			defaultConfigurationIsVisible = 0;
			defaultConfigurationName = Release;
		};
		33DAC13F1B7349E2008B22C0 /* Build configuration list for PBXNativeTarget "YueTuan" */ = {
			isa = XCConfigurationList;
			buildConfigurations = (
				33DAC1401B7349E2008B22C0 /* Debug */,
				33DAC1411B7349E2008B22C0 /* Release */,
			);
			defaultConfigurationIsVisible = 0;
			defaultConfigurationName = Release;
		};
		33DAC1421B7349E2008B22C0 /* Build configuration list for PBXNativeTarget "YueTuanTests" */ = {
			isa = XCConfigurationList;
			buildConfigurations = (
				33DAC1431B7349E2008B22C0 /* Debug */,
				33DAC1441B7349E2008B22C0 /* Release */,
			);
			defaultConfigurationIsVisible = 0;
			defaultConfigurationName = Release;
		};
/* End XCConfigurationList section */
	};
	rootObject = 33DAC1111B7349E2008B22C0 /* Project object */;
}
